{
    "_meta": {
        "hash": {
            "sha256": "9385838e334d93835c7310e2f8e4003941c9acf9d9761bf89094473a4a89aac6"
        },
        "pipfile-spec": 6,
        "requires": {
            "python_version": "3.8"
        },
        "sources": [
            {
                "name": "pypi",
                "url": "https://pypi.org/simple",
                "verify_ssl": true
            }
        ]
    },
    "default": {
        "mcts": {
            "path": "."
        }
    },
    "develop": {}
}
